{
	"name": "@lucia-auth/adapter-denokv",
	"version": "3.0.0-beta.9",
	"lockfileVersion": 3,
	"requires": true,
	"packages": {
		"": {
			"name": "@lucia-auth/adapter-denokv",
			"version": "3.0.0-beta.9",
			"license": "MIT",
			"dependencies": {
				"@deno/kv": "^0.7.0"
			},
			"devDependencies": {
				"@lucia-auth/adapter-test": "5.0.0-beta.7",
				"dotenv": "^16.0.3",
				"lucia": "3.0.0-beta.14",
				"tsx": "^3.12.6"
			},
			"peerDependencies": {
				"@deno/kv": "^0.7.0",
				"lucia": "3.0.0-beta.14"
			},
			"peerDependenciesMeta": {
				"@deno/kv": {
					"optional": false
				}
			}
		},
		"../../node_modules/.pnpm/@deno+kv@0.7.0/node_modules/@deno/kv": {
			"version": "0.7.0",
			"license": "MIT",
			"optionalDependencies": {
				"@deno/kv-darwin-arm64": "0.7.0",
				"@deno/kv-darwin-x64": "0.7.0",
				"@deno/kv-linux-x64-gnu": "0.7.0",
				"@deno/kv-win32-x64-msvc": "0.7.0"
			}
		},
		"../../node_modules/.pnpm/@types+mocha@10.0.6/node_modules/@types/mocha": {
			"version": "10.0.6",
			"dev": true,
			"license": "MIT"
		},
		"../../node_modules/.pnpm/@types+node@18.15.13/node_modules/@types/node": {
			"version": "18.15.13",
			"dev": true,
			"license": "MIT"
		},
		"../../node_modules/.pnpm/dotenv@16.3.1/node_modules/dotenv": {
			"version": "16.3.1",
			"dev": true,
			"license": "BSD-2-Clause",
			"devDependencies": {
				"@definitelytyped/dtslint": "^0.0.133",
				"@types/node": "^18.11.3",
				"decache": "^4.6.1",
				"sinon": "^14.0.1",
				"standard": "^17.0.0",
				"standard-markdown": "^7.1.0",
				"standard-version": "^9.5.0",
				"tap": "^16.3.0",
				"tar": "^6.1.11",
				"typescript": "^4.8.4"
			},
			"engines": {
				"node": ">=12"
			},
			"funding": {
				"url": "https://github.com/motdotla/dotenv?sponsor=1"
			}
		},
		"../../node_modules/.pnpm/mocha@10.2.0/node_modules/mocha": {
			"version": "10.2.0",
			"dev": true,
			"license": "MIT",
			"dependencies": {
				"ansi-colors": "4.1.1",
				"browser-stdout": "1.3.1",
				"chokidar": "3.5.3",
				"debug": "4.3.4",
				"diff": "5.0.0",
				"escape-string-regexp": "4.0.0",
				"find-up": "5.0.0",
				"glob": "7.2.0",
				"he": "1.2.0",
				"js-yaml": "4.1.0",
				"log-symbols": "4.1.0",
				"minimatch": "5.0.1",
				"ms": "2.1.3",
				"nanoid": "3.3.3",
				"serialize-javascript": "6.0.0",
				"strip-json-comments": "3.1.1",
				"supports-color": "8.1.1",
				"workerpool": "6.2.1",
				"yargs": "16.2.0",
				"yargs-parser": "20.2.4",
				"yargs-unparser": "2.0.0"
			},
			"bin": {
				"_mocha": "bin/_mocha",
				"mocha": "bin/mocha.js"
			},
			"devDependencies": {
				"@11ty/eleventy": "^1.0.0",
				"@11ty/eleventy-plugin-inclusive-language": "^1.0.3",
				"@babel/eslint-parser": "^7.19.1",
				"@mocha/docdash": "^4.0.1",
				"@rollup/plugin-commonjs": "^21.0.2",
				"@rollup/plugin-json": "^4.1.0",
				"@rollup/plugin-multi-entry": "^4.0.1",
				"@rollup/plugin-node-resolve": "^13.1.3",
				"assetgraph-builder": "^9.0.0",
				"autoprefixer": "^9.8.6",
				"canvas": "^2.9.0",
				"chai": "^4.3.4",
				"coffeescript": "^2.6.1",
				"coveralls": "^3.1.1",
				"cross-env": "^7.0.2",
				"eslint": "^8.24.0",
				"eslint-config-prettier": "^8.3.0",
				"eslint-config-semistandard": "^17.0.0",
				"eslint-config-standard": "^17.0.0",
				"eslint-plugin-import": "^2.24.2",
				"eslint-plugin-node": "^11.1.0",
				"eslint-plugin-prettier": "^4.2.1",
				"eslint-plugin-promise": "^6.0.1",
				"fail-on-errors-webpack-plugin": "^3.0.0",
				"fs-extra": "^10.0.0",
				"husky": "^4.2.5",
				"hyperlink": "^5.0.4",
				"jsdoc": "^3.6.7",
				"jsdoc-ts-utils": "^2.0.1",
				"karma": "^6.3.11",
				"karma-chrome-launcher": "^3.1.0",
				"karma-mocha": "^2.0.1",
				"karma-mocha-reporter": "^2.2.5",
				"karma-sauce-launcher": "^4.3.6",
				"lint-staged": "^10.2.11",
				"markdown-it": "^12.3.2",
				"markdown-it-anchor": "^8.4.1",
				"markdown-it-attrs": "^4.1.3",
				"markdown-it-emoji": "^2.0.0",
				"markdown-it-prism": "^2.2.2",
				"markdown-toc": "^1.2.0",
				"markdownlint-cli": "^0.30.0",
				"needle": "^2.5.0",
				"nps": "^5.10.0",
				"nyc": "^15.1.0",
				"pidtree": "^0.5.0",
				"prettier": "^2.4.1",
				"remark": "^14.0.2",
				"remark-github": "^11.2.2",
				"remark-inline-links": "^6.0.1",
				"rewiremock": "^3.14.3",
				"rimraf": "^3.0.2",
				"rollup": "^2.70.1",
				"rollup-plugin-node-globals": "^1.4.0",
				"rollup-plugin-polyfill-node": "^0.8.0",
				"rollup-plugin-visualizer": "^5.6.0",
				"sinon": "^9.0.3",
				"strip-ansi": "^6.0.0",
				"svgo": "^1.3.2",
				"touch": "^3.1.0",
				"unexpected": "^11.14.0",
				"unexpected-eventemitter": "^2.2.0",
				"unexpected-map": "^2.0.0",
				"unexpected-set": "^3.0.0",
				"unexpected-sinon": "^10.11.2",
				"update-notifier": "^4.1.0",
				"uslug": "^1.0.4",
				"uuid": "^8.3.0",
				"webpack": "^5.67.0",
				"webpack-cli": "^4.9.1"
			},
			"engines": {
				"node": ">= 14.0.0"
			},
			"funding": {
				"type": "opencollective",
				"url": "https://opencollective.com/mochajs"
			}
		},
		"../../node_modules/.pnpm/oslo@0.16.2_quill-delta@5.1.0_rxjs@7.8.1_tslib@2.6.2/node_modules/oslo": {
			"version": "0.16.2",
			"dev": true,
			"license": "MIT",
			"dependencies": {
				"@node-rs/argon2": "^1.5.2",
				"@node-rs/bcrypt": "^1.7.3"
			},
			"devDependencies": {
				"@scure/base": "^1.1.3",
				"@types/node": "^20.8.6",
				"@typescript-eslint/eslint-plugin": "^6.7.5",
				"@typescript-eslint/parser": "^6.7.5",
				"eslint": "^8.51.0",
				"prettier": "^3.0.3",
				"typescript": "^5.2.2",
				"vitest": "^0.34.6"
			}
		},
		"../../node_modules/.pnpm/oslo@0.27.1_quill-delta@5.1.0_rxjs@7.8.1_tslib@2.6.2/node_modules/oslo": {
			"version": "0.27.1",
			"dev": true,
			"license": "MIT",
			"dependencies": {
				"@node-rs/argon2": "^1.5.2",
				"@node-rs/bcrypt": "^1.7.3"
			},
			"devDependencies": {
				"@scure/base": "^1.1.3",
				"@types/node": "^20.8.6",
				"@typescript-eslint/eslint-plugin": "^6.7.5",
				"@typescript-eslint/parser": "^6.7.5",
				"eslint": "^8.51.0",
				"prettier": "^3.0.3",
				"typescript": "^5.2.2",
				"vitest": "^0.34.6"
			}
		},
		"../../node_modules/.pnpm/prettier@2.8.8/node_modules/prettier": {
			"version": "2.8.8",
			"dev": true,
			"license": "MIT",
			"bin": {
				"prettier": "bin-prettier.js"
			},
			"engines": {
				"node": ">=10.13.0"
			},
			"funding": {
				"url": "https://github.com/prettier/prettier?sponsor=1"
			}
		},
		"../../node_modules/.pnpm/tsx@3.14.0/node_modules/tsx": {
			"version": "3.14.0",
			"dev": true,
			"license": "MIT",
			"dependencies": {
				"esbuild": "~0.18.20",
				"get-tsconfig": "^4.7.2",
				"source-map-support": "^0.5.21"
			},
			"bin": {
				"tsx": "dist/cli.mjs"
			},
			"optionalDependencies": {
				"fsevents": "~2.3.3"
			}
		},
		"../../node_modules/.pnpm/vitest@0.33.0/node_modules/vitest": {
			"version": "0.33.0",
			"dev": true,
			"license": "MIT",
			"dependencies": {
				"@types/chai": "^4.3.5",
				"@types/chai-subset": "^1.3.3",
				"@types/node": "*",
				"@vitest/expect": "0.33.0",
				"@vitest/runner": "0.33.0",
				"@vitest/snapshot": "0.33.0",
				"@vitest/spy": "0.33.0",
				"@vitest/utils": "0.33.0",
				"acorn": "^8.9.0",
				"acorn-walk": "^8.2.0",
				"cac": "^6.7.14",
				"chai": "^4.3.7",
				"debug": "^4.3.4",
				"local-pkg": "^0.4.3",
				"magic-string": "^0.30.1",
				"pathe": "^1.1.1",
				"picocolors": "^1.0.0",
				"std-env": "^3.3.3",
				"strip-literal": "^1.0.1",
				"tinybench": "^2.5.0",
				"tinypool": "^0.6.0",
				"vite": "^3.0.0 || ^4.0.0",
				"vite-node": "0.33.0",
				"why-is-node-running": "^2.2.2"
			},
			"bin": {
				"vitest": "vitest.mjs"
			},
			"devDependencies": {
				"@ampproject/remapping": "^2.2.1",
				"@antfu/install-pkg": "^0.1.1",
				"@edge-runtime/vm": "3.0.3",
				"@jridgewell/trace-mapping": "^0.3.18",
				"@sinonjs/fake-timers": "^11.0.0",
				"@types/diff": "^5.0.3",
				"@types/estree": "^1.0.1",
				"@types/istanbul-lib-coverage": "^2.0.4",
				"@types/istanbul-reports": "^3.0.1",
				"@types/jsdom": "^21.1.1",
				"@types/micromatch": "^4.0.2",
				"@types/prompts": "^2.4.4",
				"@types/sinonjs__fake-timers": "^8.1.2",
				"birpc": "0.2.12",
				"chai-subset": "^1.6.0",
				"cli-truncate": "^3.1.0",
				"event-target-polyfill": "^0.0.3",
				"execa": "^7.1.1",
				"expect-type": "^0.16.0",
				"fast-glob": "^3.3.0",
				"find-up": "^6.3.0",
				"flatted": "^3.2.7",
				"get-tsconfig": "^4.6.2",
				"happy-dom": "^9.20.3",
				"jsdom": "^22.1.0",
				"log-update": "^5.0.1",
				"micromatch": "^4.0.5",
				"mlly": "^1.4.0",
				"p-limit": "^4.0.0",
				"pkg-types": "^1.0.3",
				"playwright": "^1.35.1",
				"pretty-format": "^29.5.0",
				"prompts": "^2.4.2",
				"safaridriver": "^0.0.5",
				"strip-ansi": "^7.1.0",
				"webdriverio": "^8.11.2",
				"ws": "^8.13.0"
			},
			"engines": {
				"node": ">=v14.18.0"
			},
			"funding": {
				"url": "https://opencollective.com/vitest"
			},
			"peerDependencies": {
				"@edge-runtime/vm": "*",
				"@vitest/browser": "*",
				"@vitest/ui": "*",
				"happy-dom": "*",
				"jsdom": "*",
				"playwright": "*",
				"safaridriver": "*",
				"webdriverio": "*"
			},
			"peerDependenciesMeta": {
				"@edge-runtime/vm": {
					"optional": true
				},
				"@vitest/browser": {
					"optional": true
				},
				"@vitest/ui": {
					"optional": true
				},
				"happy-dom": {
					"optional": true
				},
				"jsdom": {
					"optional": true
				},
				"playwright": {
					"optional": true
				},
				"safaridriver": {
					"optional": true
				},
				"webdriverio": {
					"optional": true
				}
			}
		},
		"../adapter-test": {
			"name": "@lucia-auth/adapter-test",
			"version": "5.0.0-beta.7",
			"dev": true,
			"license": "MIT",
			"dependencies": {
				"mocha": "^10.2.0",
				"oslo": "^0.16.0"
			},
			"devDependencies": {
				"@types/mocha": "^10.0.1",
				"lucia": "workspace:*"
			},
			"peerDependencies": {
				"lucia": "workspace:*"
			}
		},
		"../adapter-test/node_modules/@types/mocha": {
			"resolved": "../../node_modules/.pnpm/@types+mocha@10.0.6/node_modules/@types/mocha",
			"link": true
		},
		"../adapter-test/node_modules/lucia": {
			"resolved": "../lucia",
			"link": true
		},
		"../adapter-test/node_modules/mocha": {
			"resolved": "../../node_modules/.pnpm/mocha@10.2.0/node_modules/mocha",
			"link": true
		},
		"../adapter-test/node_modules/oslo": {
			"resolved": "../../node_modules/.pnpm/oslo@0.16.2_quill-delta@5.1.0_rxjs@7.8.1_tslib@2.6.2/node_modules/oslo",
			"link": true
		},
		"../lucia": {
			"version": "3.0.0-beta.14",
			"dev": true,
			"license": "MIT",
			"dependencies": {
				"oslo": "^0.27.0"
			},
			"devDependencies": {
				"@types/node": "^18.6.2",
				"prettier": "^2.3.0",
				"vitest": "^0.33.0"
			}
		},
		"../lucia/node_modules/@types/node": {
			"resolved": "../../node_modules/.pnpm/@types+node@18.15.13/node_modules/@types/node",
			"link": true
		},
		"../lucia/node_modules/oslo": {
			"resolved": "../../node_modules/.pnpm/oslo@0.27.1_quill-delta@5.1.0_rxjs@7.8.1_tslib@2.6.2/node_modules/oslo",
			"link": true
		},
		"../lucia/node_modules/prettier": {
			"resolved": "../../node_modules/.pnpm/prettier@2.8.8/node_modules/prettier",
			"link": true
		},
		"../lucia/node_modules/vitest": {
			"resolved": "../../node_modules/.pnpm/vitest@0.33.0/node_modules/vitest",
			"link": true
		},
		"node_modules/@deno/kv": {
			"resolved": "../../node_modules/.pnpm/@deno+kv@0.7.0/node_modules/@deno/kv",
			"link": true
		},
		"node_modules/@lucia-auth/adapter-test": {
			"resolved": "../adapter-test",
			"link": true
		},
		"node_modules/dotenv": {
			"resolved": "../../node_modules/.pnpm/dotenv@16.3.1/node_modules/dotenv",
			"link": true
		},
		"node_modules/lucia": {
			"resolved": "../lucia",
			"link": true
		},
		"node_modules/tsx": {
			"resolved": "../../node_modules/.pnpm/tsx@3.14.0/node_modules/tsx",
			"link": true
		}
	}
}
